// !$*UTF8*$!
{
	archiveVersion = 1;
	classes = {
	};
	objectVersion = 55;
	objects = {

/* Begin PBXBuildFile section */
		600C385C28B3348D0048625E /* AstronautView.swift in Sources */ = {isa = PBXBuildFile; fileRef = 600C385B28B3348D0048625E /* AstronautView.swift */; };
		600C385F28B33A4E0048625E /* MissionHighlightsView.swift in Sources */ = {isa = PBXBuildFile; fileRef = 600C385E28B33A4E0048625E /* MissionHighlightsView.swift */; };
		6038AB1E28AA650600DA6043 /* Project_8App.swift in Sources */ = {isa = PBXBuildFile; fileRef = 6038AB0E28AA650500DA6043 /* Project_8App.swift */; };
		6038AB1F28AA650600DA6043 /* Project_8App.swift in Sources */ = {isa = PBXBuildFile; fileRef = 6038AB0E28AA650500DA6043 /* Project_8App.swift */; };
		6038AB2028AA650600DA6043 /* ContentView.swift in Sources */ = {isa = PBXBuildFile; fileRef = 6038AB0F28AA650500DA6043 /* ContentView.swift */; };
		6038AB2128AA650600DA6043 /* ContentView.swift in Sources */ = {isa = PBXBuildFile; fileRef = 6038AB0F28AA650500DA6043 /* ContentView.swift */; };
		6038AB2228AA650600DA6043 /* Assets.xcassets in Resources */ = {isa = PBXBuildFile; fileRef = 6038AB1028AA650600DA6043 /* Assets.xcassets */; };
		6038AB2328AA650600DA6043 /* Assets.xcassets in Resources */ = {isa = PBXBuildFile; fileRef = 6038AB1028AA650600DA6043 /* Assets.xcassets */; };
		6038AB2E28AB7F6E00DA6043 /* missions.json in Resources */ = {isa = PBXBuildFile; fileRef = 6038AB2C28AB7F6E00DA6043 /* missions.json */; };
		6038AB2F28AB7F6E00DA6043 /* missions.json in Resources */ = {isa = PBXBuildFile; fileRef = 6038AB2C28AB7F6E00DA6043 /* missions.json */; };
		6038AB3028AB7F6E00DA6043 /* astronauts.json in Resources */ = {isa = PBXBuildFile; fileRef = 6038AB2D28AB7F6E00DA6043 /* astronauts.json */; };
		6038AB3128AB7F6E00DA6043 /* astronauts.json in Resources */ = {isa = PBXBuildFile; fileRef = 6038AB2D28AB7F6E00DA6043 /* astronauts.json */; };
		6038AB3328AB7FE200DA6043 /* Astraunaut.swift in Sources */ = {isa = PBXBuildFile; fileRef = 6038AB3228AB7FE200DA6043 /* Astraunaut.swift */; };
		6038AB3428AB7FE200DA6043 /* Astraunaut.swift in Sources */ = {isa = PBXBuildFile; fileRef = 6038AB3228AB7FE200DA6043 /* Astraunaut.swift */; };
		6038AB3628AB803F00DA6043 /* Bundle-Decodable.swift in Sources */ = {isa = PBXBuildFile; fileRef = 6038AB3528AB803F00DA6043 /* Bundle-Decodable.swift */; };
		6038AB3728AB803F00DA6043 /* Bundle-Decodable.swift in Sources */ = {isa = PBXBuildFile; fileRef = 6038AB3528AB803F00DA6043 /* Bundle-Decodable.swift */; };
		60C1C7BD28AB85A2005CA3D5 /* Mission.swift in Sources */ = {isa = PBXBuildFile; fileRef = 60C1C7BC28AB85A2005CA3D5 /* Mission.swift */; };
		60C1C7BE28AB85A2005CA3D5 /* Mission.swift in Sources */ = {isa = PBXBuildFile; fileRef = 60C1C7BC28AB85A2005CA3D5 /* Mission.swift */; };
		60C1C7C128AB94B2005CA3D5 /* Color-Theme.swift in Sources */ = {isa = PBXBuildFile; fileRef = 60C1C7C028AB94B2005CA3D5 /* Color-Theme.swift */; };
		60C1C7C228AB94B2005CA3D5 /* Color-Theme.swift in Sources */ = {isa = PBXBuildFile; fileRef = 60C1C7C028AB94B2005CA3D5 /* Color-Theme.swift */; };
		60D1FB6E28ADF6DF009EEDC5 /* MissionView.swift in Sources */ = {isa = PBXBuildFile; fileRef = 60D1FB6D28ADF6DF009EEDC5 /* MissionView.swift */; };
		60D1FB6F28ADF6DF009EEDC5 /* MissionView.swift in Sources */ = {isa = PBXBuildFile; fileRef = 60D1FB6D28ADF6DF009EEDC5 /* MissionView.swift */; };
/* End PBXBuildFile section */

/* Begin PBXFileReference section */
		600C385B28B3348D0048625E /* AstronautView.swift */ = {isa = PBXFileReference; lastKnownFileType = sourcecode.swift; path = AstronautView.swift; sourceTree = "<group>"; };
		600C385E28B33A4E0048625E /* MissionHighlightsView.swift */ = {isa = PBXFileReference; lastKnownFileType = sourcecode.swift; path = MissionHighlightsView.swift; sourceTree = "<group>"; };
		6038AB0E28AA650500DA6043 /* Project_8App.swift */ = {isa = PBXFileReference; lastKnownFileType = sourcecode.swift; path = Project_8App.swift; sourceTree = "<group>"; };
		6038AB0F28AA650500DA6043 /* ContentView.swift */ = {isa = PBXFileReference; lastKnownFileType = sourcecode.swift; path = ContentView.swift; sourceTree = "<group>"; };
		6038AB1028AA650600DA6043 /* Assets.xcassets */ = {isa = PBXFileReference; lastKnownFileType = folder.assetcatalog; path = Assets.xcassets; sourceTree = "<group>"; };
		6038AB1528AA650600DA6043 /* Project 8.app */ = {isa = PBXFileReference; explicitFileType = wrapper.application; includeInIndex = 0; path = "Project 8.app"; sourceTree = BUILT_PRODUCTS_DIR; };
		6038AB1B28AA650600DA6043 /* Project 8.app */ = {isa = PBXFileReference; explicitFileType = wrapper.application; includeInIndex = 0; path = "Project 8.app"; sourceTree = BUILT_PRODUCTS_DIR; };
		6038AB1D28AA650600DA6043 /* macOS.entitlements */ = {isa = PBXFileReference; lastKnownFileType = text.plist.entitlements; path = macOS.entitlements; sourceTree = "<group>"; };
		6038AB2C28AB7F6E00DA6043 /* missions.json */ = {isa = PBXFileReference; fileEncoding = 4; lastKnownFileType = text.json; path = missions.json; sourceTree = "<group>"; };
		6038AB2D28AB7F6E00DA6043 /* astronauts.json */ = {isa = PBXFileReference; fileEncoding = 4; lastKnownFileType = text.json; path = astronauts.json; sourceTree = "<group>"; };
		6038AB3228AB7FE200DA6043 /* Astraunaut.swift */ = {isa = PBXFileReference; lastKnownFileType = sourcecode.swift; path = Astraunaut.swift; sourceTree = "<group>"; };
		6038AB3528AB803F00DA6043 /* Bundle-Decodable.swift */ = {isa = PBXFileReference; lastKnownFileType = sourcecode.swift; path = "Bundle-Decodable.swift"; sourceTree = "<group>"; };
		60C1C7BC28AB85A2005CA3D5 /* Mission.swift */ = {isa = PBXFileReference; lastKnownFileType = sourcecode.swift; path = Mission.swift; sourceTree = "<group>"; };
		60C1C7C028AB94B2005CA3D5 /* Color-Theme.swift */ = {isa = PBXFileReference; lastKnownFileType = sourcecode.swift; path = "Color-Theme.swift"; sourceTree = "<group>"; };
		60D1FB6D28ADF6DF009EEDC5 /* MissionView.swift */ = {isa = PBXFileReference; lastKnownFileType = sourcecode.swift; path = MissionView.swift; sourceTree = "<group>"; };
/* End PBXFileReference section */

/* Begin PBXFrameworksBuildPhase section */
		6038AB1228AA650600DA6043 /* Frameworks */ = {
			isa = PBXFrameworksBuildPhase;
			buildActionMask = 2147483647;
			files = (
			);
			runOnlyForDeploymentPostprocessing = 0;
		};
		6038AB1828AA650600DA6043 /* Frameworks */ = {
			isa = PBXFrameworksBuildPhase;
			buildActionMask = 2147483647;
			files = (
			);
			runOnlyForDeploymentPostprocessing = 0;
		};
/* End PBXFrameworksBuildPhase section */

/* Begin PBXGroup section */
		6038AB0828AA650400DA6043 = {
			isa = PBXGroup;
			children = (
				6038AB0D28AA650500DA6043 /* Shared */,
				6038AB1C28AA650600DA6043 /* macOS */,
				6038AB1628AA650600DA6043 /* Products */,
			);
			sourceTree = "<group>";
		};
		6038AB0D28AA650500DA6043 /* Shared */ = {
			isa = PBXGroup;
			children = (
				6038AB0E28AA650500DA6043 /* Project_8App.swift */,
				6038AB0F28AA650500DA6043 /* ContentView.swift */,
				60D1FB6D28ADF6DF009EEDC5 /* MissionView.swift */,
				600C385E28B33A4E0048625E /* MissionHighlightsView.swift */,
				600C385B28B3348D0048625E /* AstronautView.swift */,
				6038AB3228AB7FE200DA6043 /* Astraunaut.swift */,
				60C1C7BC28AB85A2005CA3D5 /* Mission.swift */,
				6038AB3528AB803F00DA6043 /* Bundle-Decodable.swift */,
				60C1C7C028AB94B2005CA3D5 /* Color-Theme.swift */,
				6038AB2D28AB7F6E00DA6043 /* astronauts.json */,
				6038AB2C28AB7F6E00DA6043 /* missions.json */,
				6038AB1028AA650600DA6043 /* Assets.xcassets */,
			);
			path = Shared;
			sourceTree = "<group>";
		};
		6038AB1628AA650600DA6043 /* Products */ = {
			isa = PBXGroup;
			children = (
				6038AB1528AA650600DA6043 /* Project 8.app */,
				6038AB1B28AA650600DA6043 /* Project 8.app */,
			);
			name = Products;
			sourceTree = "<group>";
		};
		6038AB1C28AA650600DA6043 /* macOS */ = {
			isa = PBXGroup;
			children = (
				6038AB1D28AA650600DA6043 /* macOS.entitlements */,
			);
			path = macOS;
			sourceTree = "<group>";
		};
/* End PBXGroup section */

/* Begin PBXNativeTarget section */
		6038AB1428AA650600DA6043 /* Project 8 (iOS) */ = {
			isa = PBXNativeTarget;
			buildConfigurationList = 6038AB2628AA650600DA6043 /* Build configuration list for PBXNativeTarget "Project 8 (iOS)" */;
			buildPhases = (
				6038AB1128AA650600DA6043 /* Sources */,
				6038AB1228AA650600DA6043 /* Frameworks */,
				6038AB1328AA650600DA6043 /* Resources */,
			);
			buildRules = (
			);
			dependencies = (
			);
			name = "Project 8 (iOS)";
			productName = "Project 8 (iOS)";
			productReference = 6038AB1528AA650600DA6043 /* Project 8.app */;
			productType = "com.apple.product-type.application";
		};
		6038AB1A28AA650600DA6043 /* Project 8 (macOS) */ = {
			isa = PBXNativeTarget;
			buildConfigurationList = 6038AB2928AA650600DA6043 /* Build configuration list for PBXNativeTarget "Project 8 (macOS)" */;
			buildPhases = (
				6038AB1728AA650600DA6043 /* Sources */,
				6038AB1828AA650600DA6043 /* Frameworks */,
				6038AB1928AA650600DA6043 /* Resources */,
			);
			buildRules = (
			);
			dependencies = (
			);
			name = "Project 8 (macOS)";
			productName = "Project 8 (macOS)";
			productReference = 6038AB1B28AA650600DA6043 /* Project 8.app */;
			productType = "com.apple.product-type.application";
		};
/* End PBXNativeTarget section */

/* Begin PBXProject section */
		6038AB0928AA650400DA6043 /* Project object */ = {
			isa = PBXProject;
			attributes = {
				BuildIndependentTargetsInParallel = 1;
				LastSwiftUpdateCheck = 1340;
				LastUpgradeCheck = 1340;
				TargetAttributes = {
					6038AB1428AA650600DA6043 = {
						CreatedOnToolsVersion = 13.4.1;
					};
					6038AB1A28AA650600DA6043 = {
						CreatedOnToolsVersion = 13.4.1;
					};
				};
			};
			buildConfigurationList = 6038AB0C28AA650400DA6043 /* Build configuration list for PBXProject "Project 8" */;
			compatibilityVersion = "Xcode 13.0";
			developmentRegion = en;
			hasScannedForEncodings = 0;
			knownRegions = (
				en,
				Base,
			);
			mainGroup = 6038AB0828AA650400DA6043;
			productRefGroup = 6038AB1628AA650600DA6043 /* Products */;
			projectDirPath = "";
			projectRoot = "";
			targets = (
				6038AB1428AA650600DA6043 /* Project 8 (iOS) */,
				6038AB1A28AA650600DA6043 /* Project 8 (macOS) */,
			);
		};
/* End PBXProject section */

/* Begin PBXResourcesBuildPhase section */
		6038AB1328AA650600DA6043 /* Resources */ = {
			isa = PBXResourcesBuildPhase;
			buildActionMask = 2147483647;
			files = (
				6038AB3028AB7F6E00DA6043 /* astronauts.json in Resources */,
				6038AB2E28AB7F6E00DA6043 /* missions.json in Resources */,
				6038AB2228AA650600DA6043 /* Assets.xcassets in Resources */,
			);
			runOnlyForDeploymentPostprocessing = 0;
		};
		6038AB1928AA650600DA6043 /* Resources */ = {
			isa = PBXResourcesBuildPhase;
			buildActionMask = 2147483647;
			files = (
				6038AB3128AB7F6E00DA6043 /* astronauts.json in Resources */,
				6038AB2F28AB7F6E00DA6043 /* missions.json in Resources */,
				6038AB2328AA650600DA6043 /* Assets.xcassets in Resources */,
			);
			runOnlyForDeploymentPostprocessing = 0;
		};
/* End PBXResourcesBuildPhase section */

/* Begin PBXSourcesBuildPhase section */
		6038AB1128AA650600DA6043 /* Sources */ = {
			isa = PBXSourcesBuildPhase;
			buildActionMask = 2147483647;
			files = (
				600C385F28B33A4E0048625E /* MissionHighlightsView.swift in Sources */,
				60D1FB6E28ADF6DF009EEDC5 /* MissionView.swift in Sources */,
				6038AB2028AA650600DA6043 /* ContentView.swift in Sources */,
				600C385C28B3348D0048625E /* AstronautView.swift in Sources */,
				60C1C7C128AB94B2005CA3D5 /* Color-Theme.swift in Sources */,
				6038AB3328AB7FE200DA6043 /* Astraunaut.swift in Sources */,
				6038AB1E28AA650600DA6043 /* Project_8App.swift in Sources */,
				60C1C7BD28AB85A2005CA3D5 /* Mission.swift in Sources */,
				6038AB3628AB803F00DA6043 /* Bundle-Decodable.swift in Sources */,
			);
			runOnlyForDeploymentPostprocessing = 0;
		};
		6038AB1728AA650600DA6043 /* Sources */ = {
			isa = PBXSourcesBuildPhase;
			buildActionMask = 2147483647;
			files = (
				60D1FB6F28ADF6DF009EEDC5 /* MissionView.swift in Sources */,
				6038AB2128AA650600DA6043 /* ContentView.swift in Sources */,
				60C1C7C228AB94B2005CA3D5 /* Color-Theme.swift in Sources */,
				6038AB3428AB7FE200DA6043 /* Astraunaut.swift in Sources */,
				6038AB1F28AA650600DA6043 /* Project_8App.swift in Sources */,
				60C1C7BE28AB85A2005CA3D5 /* Mission.swift in Sources */,
				6038AB3728AB803F00DA6043 /* Bundle-Decodable.swift in Sources */,
			);
			runOnlyForDeploymentPostprocessing = 0;
		};
/* End PBXSourcesBuildPhase section */

/* Begin XCBuildConfiguration section */
		6038AB2428AA650600DA6043 /* Debug */ = {
			isa = XCBuildConfiguration;
			buildSettings = {
				ALWAYS_SEARCH_USER_PATHS = NO;
				CLANG_ANALYZER_NONNULL = YES;
				CLANG_ANALYZER_NUMBER_OBJECT_CONVERSION = YES_AGGRESSIVE;
				CLANG_CXX_LANGUAGE_STANDARD = "gnu++17";
				CLANG_ENABLE_MODULES = YES;
				CLANG_ENABLE_OBJC_ARC = YES;
				CLANG_ENABLE_OBJC_WEAK = YES;
				CLANG_WARN_BLOCK_CAPTURE_AUTORELEASING = YES;
				CLANG_WARN_BOOL_CONVERSION = YES;
				CLANG_WARN_COMMA = YES;
				CLANG_WARN_CONSTANT_CONVERSION = YES;
				CLANG_WARN_DEPRECATED_OBJC_IMPLEMENTATIONS = YES;
				CLANG_WARN_DIRECT_OBJC_ISA_USAGE = YES_ERROR;
				CLANG_WARN_DOCUMENTATION_COMMENTS = YES;
				CLANG_WARN_EMPTY_BODY = YES;
				CLANG_WARN_ENUM_CONVERSION = YES;
				CLANG_WARN_INFINITE_RECURSION = YES;
				CLANG_WARN_INT_CONVERSION = YES;
				CLANG_WARN_NON_LITERAL_NULL_CONVERSION = YES;
				CLANG_WARN_OBJC_IMPLICIT_RETAIN_SELF = YES;
				CLANG_WARN_OBJC_LITERAL_CONVERSION = YES;
				CLANG_WARN_OBJC_ROOT_CLASS = YES_ERROR;
				CLANG_WARN_QUOTED_INCLUDE_IN_FRAMEWORK_HEADER = YES;
				CLANG_WARN_RANGE_LOOP_ANALYSIS = YES;
				CLANG_WARN_STRICT_PROTOTYPES = YES;
				CLANG_WARN_SUSPICIOUS_MOVE = YES;
				CLANG_WARN_UNGUARDED_AVAILABILITY = YES_AGGRESSIVE;
				CLANG_WARN_UNREACHABLE_CODE = YES;
				CLANG_WARN__DUPLICATE_METHOD_MATCH = YES;
				COPY_PHASE_STRIP = NO;
				DEBUG_INFORMATION_FORMAT = dwarf;
				ENABLE_STRICT_OBJC_MSGSEND = YES;
				ENABLE_TESTABILITY = YES;
				GCC_C_LANGUAGE_STANDARD = gnu11;
				GCC_DYNAMIC_NO_PIC = NO;
				GCC_NO_COMMON_BLOCKS = YES;
				GCC_OPTIMIZATION_LEVEL = 0;
				GCC_PREPROCESSOR_DEFINITIONS = (
					"DEBUG=1",
					"$(inherited)",
				);
				GCC_WARN_64_TO_32_BIT_CONVERSION = YES;
				GCC_WARN_ABOUT_RETURN_TYPE = YES_ERROR;
				GCC_WARN_UNDECLARED_SELECTOR = YES;
				GCC_WARN_UNINITIALIZED_AUTOS = YES_AGGRESSIVE;
				GCC_WARN_UNUSED_FUNCTION = YES;
				GCC_WARN_UNUSED_VARIABLE = YES;
				MTL_ENABLE_DEBUG_INFO = INCLUDE_SOURCE;
				MTL_FAST_MATH = YES;
				ONLY_ACTIVE_ARCH = YES;
				SWIFT_ACTIVE_COMPILATION_CONDITIONS = DEBUG;
				SWIFT_OPTIMIZATION_LEVEL = "-Onone";
			};
			name = Debug;
		};
		6038AB2528AA650600DA6043 /* Release */ = {
			isa = XCBuildConfiguration;
			buildSettings = {
				ALWAYS_SEARCH_USER_PATHS = NO;
				CLANG_ANALYZER_NONNULL = YES;
				CLANG_ANALYZER_NUMBER_OBJECT_CONVERSION = YES_AGGRESSIVE;
				CLANG_CXX_LANGUAGE_STANDARD = "gnu++17";
				CLANG_ENABLE_MODULES = YES;
				CLANG_ENABLE_OBJC_ARC = YES;
				CLANG_ENABLE_OBJC_WEAK = YES;
				CLANG_WARN_BLOCK_CAPTURE_AUTORELEASING = YES;
				CLANG_WARN_BOOL_CONVERSION = YES;
				CLANG_WARN_COMMA = YES;
				CLANG_WARN_CONSTANT_CONVERSION = YES;
				CLANG_WARN_DEPRECATED_OBJC_IMPLEMENTATIONS = YES;
				CLANG_WARN_DIRECT_OBJC_ISA_USAGE = YES_ERROR;
				CLANG_WARN_DOCUMENTATION_COMMENTS = YES;
				CLANG_WARN_EMPTY_BODY = YES;
				CLANG_WARN_ENUM_CONVERSION = YES;
				CLANG_WARN_INFINITE_RECURSION = YES;
				CLANG_WARN_INT_CONVERSION = YES;
				CLANG_WARN_NON_LITERAL_NULL_CONVERSION = YES;
				CLANG_WARN_OBJC_IMPLICIT_RETAIN_SELF = YES;
				CLANG_WARN_OBJC_LITERAL_CONVERSION = YES;
				CLANG_WARN_OBJC_ROOT_CLASS = YES_ERROR;
				CLANG_WARN_QUOTED_INCLUDE_IN_FRAMEWORK_HEADER = YES;
				CLANG_WARN_RANGE_LOOP_ANALYSIS = YES;
				CLANG_WARN_STRICT_PROTOTYPES = YES;
				CLANG_WARN_SUSPICIOUS_MOVE = YES;
				CLANG_WARN_UNGUARDED_AVAILABILITY = YES_AGGRESSIVE;
				CLANG_WARN_UNREACHABLE_CODE = YES;
				CLANG_WARN__DUPLICATE_METHOD_MATCH = YES;
				COPY_PHASE_STRIP = NO;
				DEBUG_INFORMATION_FORMAT = "dwarf-with-dsym";
				ENABLE_NS_ASSERTIONS = NO;
				ENABLE_STRICT_OBJC_MSGSEND = YES;
				GCC_C_LANGUAGE_STANDARD = gnu11;
				GCC_NO_COMMON_BLOCKS = YES;
				GCC_WARN_64_TO_32_BIT_CONVERSION = YES;
				GCC_WARN_ABOUT_RETURN_TYPE = YES_ERROR;
				GCC_WARN_UNDECLARED_SELECTOR = YES;
				GCC_WARN_UNINITIALIZED_AUTOS = YES_AGGRESSIVE;
				GCC_WARN_UNUSED_FUNCTION = YES;
				GCC_WARN_UNUSED_VARIABLE = YES;
				MTL_ENABLE_DEBUG_INFO = NO;
				MTL_FAST_MATH = YES;
				SWIFT_COMPILATION_MODE = wholemodule;
				SWIFT_OPTIMIZATION_LEVEL = "-O";
			};
			name = Release;
		};
		6038AB2728AA650600DA6043 /* Debug */ = {
			isa = XCBuildConfiguration;
			buildSettings = {
				ASSETCATALOG_COMPILER_APPICON_NAME = AppIcon;
				ASSETCATALOG_COMPILER_GLOBAL_ACCENT_COLOR_NAME = AccentColor;
				CODE_SIGN_STYLE = Automatic;
				CURRENT_PROJECT_VERSION = 1;
				DEVELOPMENT_TEAM = 4SAN7KM5F6;
				ENABLE_PREVIEWS = YES;
				GENERATE_INFOPLIST_FILE = YES;
				INFOPLIST_KEY_UIApplicationSceneManifest_Generation = YES;
				INFOPLIST_KEY_UIApplicationSupportsIndirectInputEvents = YES;
				INFOPLIST_KEY_UILaunchScreen_Generation = YES;
				INFOPLIST_KEY_UISupportedInterfaceOrientations_iPad = "UIInterfaceOrientationPortrait UIInterfaceOrientationPortraitUpsideDown UIInterfaceOrientationLandscapeLeft UIInterfaceOrientationLandscapeRight";
				INFOPLIST_KEY_UISupportedInterfaceOrientations_iPhone = "UIInterfaceOrientationPortrait UIInterfaceOrientationLandscapeLeft UIInterfaceOrientationLandscapeRight";
				IPHONEOS_DEPLOYMENT_TARGET = 15.2;
				LD_RUNPATH_SEARCH_PATHS = (
					"$(inherited)",
					"@executable_path/Frameworks",
				);
				MARKETING_VERSION = 1.0;
				PRODUCT_BUNDLE_IDENTIFIER = "com.GabrielMarmen.Project-8";
				PRODUCT_NAME = "Project 8";
				SDKROOT = iphoneos;
				SWIFT_EMIT_LOC_STRINGS = YES;
				SWIFT_VERSION = 5.0;
				TARGETED_DEVICE_FAMILY = "1,2";
			};
			name = Debug;
		};
		6038AB2828AA650600DA6043 /* Release */ = {
			isa = XCBuildConfiguration;
			buildSettings = {
				ASSETCATALOG_COMPILER_APPICON_NAME = AppIcon;
				ASSETCATALOG_COMPILER_GLOBAL_ACCENT_COLOR_NAME = AccentColor;
				CODE_SIGN_STYLE = Automatic;
				CURRENT_PROJECT_VERSION = 1;
				DEVELOPMENT_TEAM = 4SAN7KM5F6;
				ENABLE_PREVIEWS = YES;
				GENERATE_INFOPLIST_FILE = YES;
				INFOPLIST_KEY_UIApplicationSceneManifest_Generation = YES;
				INFOPLIST_KEY_UIApplicationSupportsIndirectInputEvents = YES;
				INFOPLIST_KEY_UILaunchScreen_Generation = YES;
				INFOPLIST_KEY_UISupportedInterfaceOrientations_iPad = "UIInterfaceOrientationPortrait UIInterfaceOrientationPortraitUpsideDown UIInterfaceOrientationLandscapeLeft UIInterfaceOrientationLandscapeRight";
				INFOPLIST_KEY_UISupportedInterfaceOrientations_iPhone = "UIInterfaceOrientationPortrait UIInterfaceOrientationLandscapeLeft UIInterfaceOrientationLandscapeRight";
				IPHONEOS_DEPLOYMENT_TARGET = 15.2;
				LD_RUNPATH_SEARCH_PATHS = (
					"$(inherited)",
					"@executable_path/Frameworks",
				);
				MARKETING_VERSION = 1.0;
				PRODUCT_BUNDLE_IDENTIFIER = "com.GabrielMarmen.Project-8";
				PRODUCT_NAME = "Project 8";
				SDKROOT = iphoneos;
				SWIFT_EMIT_LOC_STRINGS = YES;
				SWIFT_VERSION = 5.0;
				TARGETED_DEVICE_FAMILY = "1,2";
				VALIDATE_PRODUCT = YES;
			};
			name = Release;
		};
		6038AB2A28AA650600DA6043 /* Debug */ = {
			isa = XCBuildConfiguration;
			buildSettings = {
				ASSETCATALOG_COMPILER_APPICON_NAME = AppIcon;
				ASSETCATALOG_COMPILER_GLOBAL_ACCENT_COLOR_NAME = AccentColor;
				CODE_SIGN_ENTITLEMENTS = macOS/macOS.entitlements;
				CODE_SIGN_STYLE = Automatic;
				COMBINE_HIDPI_IMAGES = YES;
				CURRENT_PROJECT_VERSION = 1;
				ENABLE_PREVIEWS = YES;
				GENERATE_INFOPLIST_FILE = YES;
				INFOPLIST_KEY_NSHumanReadableCopyright = "";
				LD_RUNPATH_SEARCH_PATHS = (
					"$(inherited)",
					"@executable_path/../Frameworks",
				);
				MACOSX_DEPLOYMENT_TARGET = 12.3;
				MARKETING_VERSION = 1.0;
				PRODUCT_BUNDLE_IDENTIFIER = "com.GabrielMarmen.Project-8";
				PRODUCT_NAME = "Project 8";
				SDKROOT = macosx;
				SWIFT_EMIT_LOC_STRINGS = YES;
				SWIFT_VERSION = 5.0;
			};
			name = Debug;
		};
		6038AB2B28AA650600DA6043 /* Release */ = {
			isa = XCBuildConfiguration;
			buildSettings = {
				ASSETCATALOG_COMPILER_APPICON_NAME = AppIcon;
				ASSETCATALOG_COMPILER_GLOBAL_ACCENT_COLOR_NAME = AccentColor;
				CODE_SIGN_ENTITLEMENTS = macOS/macOS.entitlements;
				CODE_SIGN_STYLE = Automatic;
				COMBINE_HIDPI_IMAGES = YES;
				CURRENT_PROJECT_VERSION = 1;
				ENABLE_PREVIEWS = YES;
				GENERATE_INFOPLIST_FILE = YES;
				INFOPLIST_KEY_NSHumanReadableCopyright = "";
				LD_RUNPATH_SEARCH_PATHS = (
					"$(inherited)",
					"@executable_path/../Frameworks",
				);
				MACOSX_DEPLOYMENT_TARGET = 12.3;
				MARKETING_VERSION = 1.0;
				PRODUCT_BUNDLE_IDENTIFIER = "com.GabrielMarmen.Project-8";
				PRODUCT_NAME = "Project 8";
				SDKROOT = macosx;
				SWIFT_EMIT_LOC_STRINGS = YES;
				SWIFT_VERSION = 5.0;
			};
			name = Release;
		};
/* End XCBuildConfiguration section */

/* Begin XCConfigurationList section */
		6038AB0C28AA650400DA6043 /* Build configuration list for PBXProject "Project 8" */ = {
			isa = XCConfigurationList;
			buildConfigurations = (
				6038AB2428AA650600DA6043 /* Debug */,
				6038AB2528AA650600DA6043 /* Release */,
			);
			defaultConfigurationIsVisible = 0;
			defaultConfigurationName = Release;
		};
		6038AB2628AA650600DA6043 /* Build configuration list for PBXNativeTarget "Project 8 (iOS)" */ = {
			isa = XCConfigurationList;
			buildConfigurations = (
				6038AB2728AA650600DA6043 /* Debug */,
				6038AB2828AA650600DA6043 /* Release */,
			);
			defaultConfigurationIsVisible = 0;
			defaultConfigurationName = Release;
		};
		6038AB2928AA650600DA6043 /* Build configuration list for PBXNativeTarget "Project 8 (macOS)" */ = {
			isa = XCConfigurationList;
			buildConfigurations = (
				6038AB2A28AA650600DA6043 /* Debug */,
				6038AB2B28AA650600DA6043 /* Release */,
			);
			defaultConfigurationIsVisible = 0;
			defaultConfigurationName = Release;
		};
/* End XCConfigurationList section */
	};
	rootObject = 6038AB0928AA650400DA6043 /* Project object */;
}
