// !$*UTF8*$!
{
	archiveVersion = 1;
	classes = {
	};
	objectVersion = 55;
	objects = {

/* Begin PBXBuildFile section */
		60B4F02328C0664000E51B56 /* Project_12App.swift in Sources */ = {isa = PBXBuildFile; fileRef = 60B4F02228C0664000E51B56 /* Project_12App.swift */; };
		60B4F02528C0664000E51B56 /* ContentView.swift in Sources */ = {isa = PBXBuildFile; fileRef = 60B4F02428C0664000E51B56 /* ContentView.swift */; };
		60B4F02728C0664000E51B56 /* Assets.xcassets in Resources */ = {isa = PBXBuildFile; fileRef = 60B4F02628C0664000E51B56 /* Assets.xcassets */; };
		60B4F02A28C0664000E51B56 /* Preview Assets.xcassets in Resources */ = {isa = PBXBuildFile; fileRef = 60B4F02928C0664000E51B56 /* Preview Assets.xcassets */; };
		60B4F03128C0666D00E51B56 /* DataController.swift in Sources */ = {isa = PBXBuildFile; fileRef = 60B4F03028C0666D00E51B56 /* DataController.swift */; };
		60B4F03428C0670C00E51B56 /* CoreDataProject.xcdatamodeld in Sources */ = {isa = PBXBuildFile; fileRef = 60B4F03228C0670C00E51B56 /* CoreDataProject.xcdatamodeld */; };
		60B4F03728C08C6700E51B56 /* Singer+CoreDataClass.swift in Sources */ = {isa = PBXBuildFile; fileRef = 60B4F03528C08C6700E51B56 /* Singer+CoreDataClass.swift */; };
		60B4F03828C08C6700E51B56 /* Singer+CoreDataProperties.swift in Sources */ = {isa = PBXBuildFile; fileRef = 60B4F03628C08C6700E51B56 /* Singer+CoreDataProperties.swift */; };
		60B4F03A28C08D8700E51B56 /* FilteredView.swift in Sources */ = {isa = PBXBuildFile; fileRef = 60B4F03928C08D8700E51B56 /* FilteredView.swift */; };
/* End PBXBuildFile section */

/* Begin PBXFileReference section */
		60B4F01F28C0664000E51B56 /* Project 12.app */ = {isa = PBXFileReference; explicitFileType = wrapper.application; includeInIndex = 0; path = "Project 12.app"; sourceTree = BUILT_PRODUCTS_DIR; };
		60B4F02228C0664000E51B56 /* Project_12App.swift */ = {isa = PBXFileReference; lastKnownFileType = sourcecode.swift; path = Project_12App.swift; sourceTree = "<group>"; };
		60B4F02428C0664000E51B56 /* ContentView.swift */ = {isa = PBXFileReference; lastKnownFileType = sourcecode.swift; path = ContentView.swift; sourceTree = "<group>"; };
		60B4F02628C0664000E51B56 /* Assets.xcassets */ = {isa = PBXFileReference; lastKnownFileType = folder.assetcatalog; path = Assets.xcassets; sourceTree = "<group>"; };
		60B4F02928C0664000E51B56 /* Preview Assets.xcassets */ = {isa = PBXFileReference; lastKnownFileType = folder.assetcatalog; path = "Preview Assets.xcassets"; sourceTree = "<group>"; };
		60B4F03028C0666D00E51B56 /* DataController.swift */ = {isa = PBXFileReference; fileEncoding = 4; lastKnownFileType = sourcecode.swift; name = DataController.swift; path = "../../Project 11/Project 11/DataController.swift"; sourceTree = "<group>"; };
		60B4F03328C0670C00E51B56 /* CoreDataProject.xcdatamodel */ = {isa = PBXFileReference; lastKnownFileType = wrapper.xcdatamodel; path = CoreDataProject.xcdatamodel; sourceTree = "<group>"; };
		60B4F03528C08C6700E51B56 /* Singer+CoreDataClass.swift */ = {isa = PBXFileReference; lastKnownFileType = sourcecode.swift; path = "Singer+CoreDataClass.swift"; sourceTree = SOURCE_ROOT; };
		60B4F03628C08C6700E51B56 /* Singer+CoreDataProperties.swift */ = {isa = PBXFileReference; lastKnownFileType = sourcecode.swift; path = "Singer+CoreDataProperties.swift"; sourceTree = SOURCE_ROOT; };
		60B4F03928C08D8700E51B56 /* FilteredView.swift */ = {isa = PBXFileReference; lastKnownFileType = sourcecode.swift; path = FilteredView.swift; sourceTree = "<group>"; };
/* End PBXFileReference section */

/* Begin PBXFrameworksBuildPhase section */
		60B4F01C28C0664000E51B56 /* Frameworks */ = {
			isa = PBXFrameworksBuildPhase;
			buildActionMask = 2147483647;
			files = (
			);
			runOnlyForDeploymentPostprocessing = 0;
		};
/* End PBXFrameworksBuildPhase section */

/* Begin PBXGroup section */
		60B4F01628C0664000E51B56 = {
			isa = PBXGroup;
			children = (
				60B4F02128C0664000E51B56 /* Project 12 */,
				60B4F02028C0664000E51B56 /* Products */,
			);
			sourceTree = "<group>";
		};
		60B4F02028C0664000E51B56 /* Products */ = {
			isa = PBXGroup;
			children = (
				60B4F01F28C0664000E51B56 /* Project 12.app */,
			);
			name = Products;
			sourceTree = "<group>";
		};
		60B4F02128C0664000E51B56 /* Project 12 */ = {
			isa = PBXGroup;
			children = (
				60B4F03528C08C6700E51B56 /* Singer+CoreDataClass.swift */,
				60B4F03628C08C6700E51B56 /* Singer+CoreDataProperties.swift */,
				60B4F02228C0664000E51B56 /* Project_12App.swift */,
				60B4F02428C0664000E51B56 /* ContentView.swift */,
				60B4F03928C08D8700E51B56 /* FilteredView.swift */,
				60B4F03028C0666D00E51B56 /* DataController.swift */,
				60B4F03228C0670C00E51B56 /* CoreDataProject.xcdatamodeld */,
				60B4F02628C0664000E51B56 /* Assets.xcassets */,
				60B4F02828C0664000E51B56 /* Preview Content */,
			);
			path = "Project 12";
			sourceTree = "<group>";
		};
		60B4F02828C0664000E51B56 /* Preview Content */ = {
			isa = PBXGroup;
			children = (
				60B4F02928C0664000E51B56 /* Preview Assets.xcassets */,
			);
			path = "Preview Content";
			sourceTree = "<group>";
		};
/* End PBXGroup section */

/* Begin PBXNativeTarget section */
		60B4F01E28C0664000E51B56 /* Project 12 */ = {
			isa = PBXNativeTarget;
			buildConfigurationList = 60B4F02D28C0664000E51B56 /* Build configuration list for PBXNativeTarget "Project 12" */;
			buildPhases = (
				60B4F01B28C0664000E51B56 /* Sources */,
				60B4F01C28C0664000E51B56 /* Frameworks */,
				60B4F01D28C0664000E51B56 /* Resources */,
			);
			buildRules = (
			);
			dependencies = (
			);
			name = "Project 12";
			productName = "Project 12";
			productReference = 60B4F01F28C0664000E51B56 /* Project 12.app */;
			productType = "com.apple.product-type.application";
		};
/* End PBXNativeTarget section */

/* Begin PBXProject section */
		60B4F01728C0664000E51B56 /* Project object */ = {
			isa = PBXProject;
			attributes = {
				BuildIndependentTargetsInParallel = 1;
				LastSwiftUpdateCheck = 1340;
				LastUpgradeCheck = 1340;
				TargetAttributes = {
					60B4F01E28C0664000E51B56 = {
						CreatedOnToolsVersion = 13.4.1;
					};
				};
			};
			buildConfigurationList = 60B4F01A28C0664000E51B56 /* Build configuration list for PBXProject "Project 12" */;
			compatibilityVersion = "Xcode 13.0";
			developmentRegion = en;
			hasScannedForEncodings = 0;
			knownRegions = (
				en,
				Base,
			);
			mainGroup = 60B4F01628C0664000E51B56;
			productRefGroup = 60B4F02028C0664000E51B56 /* Products */;
			projectDirPath = "";
			projectRoot = "";
			targets = (
				60B4F01E28C0664000E51B56 /* Project 12 */,
			);
		};
/* End PBXProject section */

/* Begin PBXResourcesBuildPhase section */
		60B4F01D28C0664000E51B56 /* Resources */ = {
			isa = PBXResourcesBuildPhase;
			buildActionMask = 2147483647;
			files = (
				60B4F02A28C0664000E51B56 /* Preview Assets.xcassets in Resources */,
				60B4F02728C0664000E51B56 /* Assets.xcassets in Resources */,
			);
			runOnlyForDeploymentPostprocessing = 0;
		};
/* End PBXResourcesBuildPhase section */

/* Begin PBXSourcesBuildPhase section */
		60B4F01B28C0664000E51B56 /* Sources */ = {
			isa = PBXSourcesBuildPhase;
			buildActionMask = 2147483647;
			files = (
				60B4F02528C0664000E51B56 /* ContentView.swift in Sources */,
				60B4F03A28C08D8700E51B56 /* FilteredView.swift in Sources */,
				60B4F03828C08C6700E51B56 /* Singer+CoreDataProperties.swift in Sources */,
				60B4F03128C0666D00E51B56 /* DataController.swift in Sources */,
				60B4F03728C08C6700E51B56 /* Singer+CoreDataClass.swift in Sources */,
				60B4F03428C0670C00E51B56 /* CoreDataProject.xcdatamodeld in Sources */,
				60B4F02328C0664000E51B56 /* Project_12App.swift in Sources */,
			);
			runOnlyForDeploymentPostprocessing = 0;
		};
/* End PBXSourcesBuildPhase section */

/* Begin XCBuildConfiguration section */
		60B4F02B28C0664000E51B56 /* Debug */ = {
			isa = XCBuildConfiguration;
			buildSettings = {
				ALWAYS_SEARCH_USER_PATHS = NO;
				CLANG_ANALYZER_NONNULL = YES;
				CLANG_ANALYZER_NUMBER_OBJECT_CONVERSION = YES_AGGRESSIVE;
				CLANG_CXX_LANGUAGE_STANDARD = "gnu++17";
				CLANG_ENABLE_MODULES = YES;
				CLANG_ENABLE_OBJC_ARC = YES;
				CLANG_ENABLE_OBJC_WEAK = YES;
				CLANG_WARN_BLOCK_CAPTURE_AUTORELEASING = YES;
				CLANG_WARN_BOOL_CONVERSION = YES;
				CLANG_WARN_COMMA = YES;
				CLANG_WARN_CONSTANT_CONVERSION = YES;
				CLANG_WARN_DEPRECATED_OBJC_IMPLEMENTATIONS = YES;
				CLANG_WARN_DIRECT_OBJC_ISA_USAGE = YES_ERROR;
				CLANG_WARN_DOCUMENTATION_COMMENTS = YES;
				CLANG_WARN_EMPTY_BODY = YES;
				CLANG_WARN_ENUM_CONVERSION = YES;
				CLANG_WARN_INFINITE_RECURSION = YES;
				CLANG_WARN_INT_CONVERSION = YES;
				CLANG_WARN_NON_LITERAL_NULL_CONVERSION = YES;
				CLANG_WARN_OBJC_IMPLICIT_RETAIN_SELF = YES;
				CLANG_WARN_OBJC_LITERAL_CONVERSION = YES;
				CLANG_WARN_OBJC_ROOT_CLASS = YES_ERROR;
				CLANG_WARN_QUOTED_INCLUDE_IN_FRAMEWORK_HEADER = YES;
				CLANG_WARN_RANGE_LOOP_ANALYSIS = YES;
				CLANG_WARN_STRICT_PROTOTYPES = YES;
				CLANG_WARN_SUSPICIOUS_MOVE = YES;
				CLANG_WARN_UNGUARDED_AVAILABILITY = YES_AGGRESSIVE;
				CLANG_WARN_UNREACHABLE_CODE = YES;
				CLANG_WARN__DUPLICATE_METHOD_MATCH = YES;
				COPY_PHASE_STRIP = NO;
				DEBUG_INFORMATION_FORMAT = dwarf;
				ENABLE_STRICT_OBJC_MSGSEND = YES;
				ENABLE_TESTABILITY = YES;
				GCC_C_LANGUAGE_STANDARD = gnu11;
				GCC_DYNAMIC_NO_PIC = NO;
				GCC_NO_COMMON_BLOCKS = YES;
				GCC_OPTIMIZATION_LEVEL = 0;
				GCC_PREPROCESSOR_DEFINITIONS = (
					"DEBUG=1",
					"$(inherited)",
				);
				GCC_WARN_64_TO_32_BIT_CONVERSION = YES;
				GCC_WARN_ABOUT_RETURN_TYPE = YES_ERROR;
				GCC_WARN_UNDECLARED_SELECTOR = YES;
				GCC_WARN_UNINITIALIZED_AUTOS = YES_AGGRESSIVE;
				GCC_WARN_UNUSED_FUNCTION = YES;
				GCC_WARN_UNUSED_VARIABLE = YES;
				IPHONEOS_DEPLOYMENT_TARGET = 15.5;
				MTL_ENABLE_DEBUG_INFO = INCLUDE_SOURCE;
				MTL_FAST_MATH = YES;
				ONLY_ACTIVE_ARCH = YES;
				SDKROOT = iphoneos;
				SWIFT_ACTIVE_COMPILATION_CONDITIONS = DEBUG;
				SWIFT_OPTIMIZATION_LEVEL = "-Onone";
			};
			name = Debug;
		};
		60B4F02C28C0664000E51B56 /* Release */ = {
			isa = XCBuildConfiguration;
			buildSettings = {
				ALWAYS_SEARCH_USER_PATHS = NO;
				CLANG_ANALYZER_NONNULL = YES;
				CLANG_ANALYZER_NUMBER_OBJECT_CONVERSION = YES_AGGRESSIVE;
				CLANG_CXX_LANGUAGE_STANDARD = "gnu++17";
				CLANG_ENABLE_MODULES = YES;
				CLANG_ENABLE_OBJC_ARC = YES;
				CLANG_ENABLE_OBJC_WEAK = YES;
				CLANG_WARN_BLOCK_CAPTURE_AUTORELEASING = YES;
				CLANG_WARN_BOOL_CONVERSION = YES;
				CLANG_WARN_COMMA = YES;
				CLANG_WARN_CONSTANT_CONVERSION = YES;
				CLANG_WARN_DEPRECATED_OBJC_IMPLEMENTATIONS = YES;
				CLANG_WARN_DIRECT_OBJC_ISA_USAGE = YES_ERROR;
				CLANG_WARN_DOCUMENTATION_COMMENTS = YES;
				CLANG_WARN_EMPTY_BODY = YES;
				CLANG_WARN_ENUM_CONVERSION = YES;
				CLANG_WARN_INFINITE_RECURSION = YES;
				CLANG_WARN_INT_CONVERSION = YES;
				CLANG_WARN_NON_LITERAL_NULL_CONVERSION = YES;
				CLANG_WARN_OBJC_IMPLICIT_RETAIN_SELF = YES;
				CLANG_WARN_OBJC_LITERAL_CONVERSION = YES;
				CLANG_WARN_OBJC_ROOT_CLASS = YES_ERROR;
				CLANG_WARN_QUOTED_INCLUDE_IN_FRAMEWORK_HEADER = YES;
				CLANG_WARN_RANGE_LOOP_ANALYSIS = YES;
				CLANG_WARN_STRICT_PROTOTYPES = YES;
				CLANG_WARN_SUSPICIOUS_MOVE = YES;
				CLANG_WARN_UNGUARDED_AVAILABILITY = YES_AGGRESSIVE;
				CLANG_WARN_UNREACHABLE_CODE = YES;
				CLANG_WARN__DUPLICATE_METHOD_MATCH = YES;
				COPY_PHASE_STRIP = NO;
				DEBUG_INFORMATION_FORMAT = "dwarf-with-dsym";
				ENABLE_NS_ASSERTIONS = NO;
				ENABLE_STRICT_OBJC_MSGSEND = YES;
				GCC_C_LANGUAGE_STANDARD = gnu11;
				GCC_NO_COMMON_BLOCKS = YES;
				GCC_WARN_64_TO_32_BIT_CONVERSION = YES;
				GCC_WARN_ABOUT_RETURN_TYPE = YES_ERROR;
				GCC_WARN_UNDECLARED_SELECTOR = YES;
				GCC_WARN_UNINITIALIZED_AUTOS = YES_AGGRESSIVE;
				GCC_WARN_UNUSED_FUNCTION = YES;
				GCC_WARN_UNUSED_VARIABLE = YES;
				IPHONEOS_DEPLOYMENT_TARGET = 15.5;
				MTL_ENABLE_DEBUG_INFO = NO;
				MTL_FAST_MATH = YES;
				SDKROOT = iphoneos;
				SWIFT_COMPILATION_MODE = wholemodule;
				SWIFT_OPTIMIZATION_LEVEL = "-O";
				VALIDATE_PRODUCT = YES;
			};
			name = Release;
		};
		60B4F02E28C0664000E51B56 /* Debug */ = {
			isa = XCBuildConfiguration;
			buildSettings = {
				ASSETCATALOG_COMPILER_APPICON_NAME = AppIcon;
				ASSETCATALOG_COMPILER_GLOBAL_ACCENT_COLOR_NAME = AccentColor;
				CODE_SIGN_STYLE = Automatic;
				CURRENT_PROJECT_VERSION = 1;
				DEVELOPMENT_ASSET_PATHS = "\"Project 12/Preview Content\"";
				DEVELOPMENT_TEAM = 4SAN7KM5F6;
				ENABLE_PREVIEWS = YES;
				GENERATE_INFOPLIST_FILE = YES;
				INFOPLIST_KEY_UIApplicationSceneManifest_Generation = YES;
				INFOPLIST_KEY_UIApplicationSupportsIndirectInputEvents = YES;
				INFOPLIST_KEY_UILaunchScreen_Generation = YES;
				INFOPLIST_KEY_UISupportedInterfaceOrientations_iPad = "UIInterfaceOrientationPortrait UIInterfaceOrientationPortraitUpsideDown UIInterfaceOrientationLandscapeLeft UIInterfaceOrientationLandscapeRight";
				INFOPLIST_KEY_UISupportedInterfaceOrientations_iPhone = "UIInterfaceOrientationPortrait UIInterfaceOrientationLandscapeLeft UIInterfaceOrientationLandscapeRight";
				LD_RUNPATH_SEARCH_PATHS = (
					"$(inherited)",
					"@executable_path/Frameworks",
				);
				MARKETING_VERSION = 1.0;
				PRODUCT_BUNDLE_IDENTIFIER = "com.GabrielMarmen.Project-12";
				PRODUCT_NAME = "$(TARGET_NAME)";
				SWIFT_EMIT_LOC_STRINGS = YES;
				SWIFT_VERSION = 5.0;
				TARGETED_DEVICE_FAMILY = "1,2";
			};
			name = Debug;
		};
		60B4F02F28C0664000E51B56 /* Release */ = {
			isa = XCBuildConfiguration;
			buildSettings = {
				ASSETCATALOG_COMPILER_APPICON_NAME = AppIcon;
				ASSETCATALOG_COMPILER_GLOBAL_ACCENT_COLOR_NAME = AccentColor;
				CODE_SIGN_STYLE = Automatic;
				CURRENT_PROJECT_VERSION = 1;
				DEVELOPMENT_ASSET_PATHS = "\"Project 12/Preview Content\"";
				DEVELOPMENT_TEAM = 4SAN7KM5F6;
				ENABLE_PREVIEWS = YES;
				GENERATE_INFOPLIST_FILE = YES;
				INFOPLIST_KEY_UIApplicationSceneManifest_Generation = YES;
				INFOPLIST_KEY_UIApplicationSupportsIndirectInputEvents = YES;
				INFOPLIST_KEY_UILaunchScreen_Generation = YES;
				INFOPLIST_KEY_UISupportedInterfaceOrientations_iPad = "UIInterfaceOrientationPortrait UIInterfaceOrientationPortraitUpsideDown UIInterfaceOrientationLandscapeLeft UIInterfaceOrientationLandscapeRight";
				INFOPLIST_KEY_UISupportedInterfaceOrientations_iPhone = "UIInterfaceOrientationPortrait UIInterfaceOrientationLandscapeLeft UIInterfaceOrientationLandscapeRight";
				LD_RUNPATH_SEARCH_PATHS = (
					"$(inherited)",
					"@executable_path/Frameworks",
				);
				MARKETING_VERSION = 1.0;
				PRODUCT_BUNDLE_IDENTIFIER = "com.GabrielMarmen.Project-12";
				PRODUCT_NAME = "$(TARGET_NAME)";
				SWIFT_EMIT_LOC_STRINGS = YES;
				SWIFT_VERSION = 5.0;
				TARGETED_DEVICE_FAMILY = "1,2";
			};
			name = Release;
		};
/* End XCBuildConfiguration section */

/* Begin XCConfigurationList section */
		60B4F01A28C0664000E51B56 /* Build configuration list for PBXProject "Project 12" */ = {
			isa = XCConfigurationList;
			buildConfigurations = (
				60B4F02B28C0664000E51B56 /* Debug */,
				60B4F02C28C0664000E51B56 /* Release */,
			);
			defaultConfigurationIsVisible = 0;
			defaultConfigurationName = Release;
		};
		60B4F02D28C0664000E51B56 /* Build configuration list for PBXNativeTarget "Project 12" */ = {
			isa = XCConfigurationList;
			buildConfigurations = (
				60B4F02E28C0664000E51B56 /* Debug */,
				60B4F02F28C0664000E51B56 /* Release */,
			);
			defaultConfigurationIsVisible = 0;
			defaultConfigurationName = Release;
		};
/* End XCConfigurationList section */

/* Begin XCVersionGroup section */
		60B4F03228C0670C00E51B56 /* CoreDataProject.xcdatamodeld */ = {
			isa = XCVersionGroup;
			children = (
				60B4F03328C0670C00E51B56 /* CoreDataProject.xcdatamodel */,
			);
			currentVersion = 60B4F03328C0670C00E51B56 /* CoreDataProject.xcdatamodel */;
			path = CoreDataProject.xcdatamodeld;
			sourceTree = "<group>";
			versionGroupType = wrapper.xcdatamodel;
		};
/* End XCVersionGroup section */
	};
	rootObject = 60B4F01728C0664000E51B56 /* Project object */;
}
